<Solution>
  <Project Path="CampusMind.Data1/CampusMind.Data1.csproj" Id="b8f268f5-d89a-4f4b-9fca-77c70e47ffe3" />
  <Project Path="CampusMind.Logic1/CampusMind.Logic1.csproj" Id="4865e3dd-20b6-4768-b5e1-20918c3c9621" />
  <Project Path="CampusMind.UI/CampusMind.UI.csproj">
    <Deploy Solution="Debug|*" />
  </Project>
</Solution>
